
Microsoft Visual Studio Solution File, Format Version 12.00
# Visual Studio 15
VisualStudioVersion = 15.0.27703.2035
MinimumVisualStudioVersion = 10.0.40219.1
Project("{FAE04EC0-301F-11D3-BF4B-00C04F79EFBC}") = "ESFA.DC.ILR1819.DataStore.EF", "ESFA.DC.ILR1819.DataStore.EF\ESFA.DC.ILR1819.DataStore.EF.csproj", "{8191AB50-78E3-4326-ACC6-5A00F2E1DB20}"
EndProject
Project("{FAE04EC0-301F-11D3-BF4B-00C04F79EFBC}") = "ESFA.DC.ILR1819.DataStore.EF.Invalid", "ESFA.DC.ILR1819.DataStore.EF.Invalid\ESFA.DC.ILR1819.DataStore.EF.Invalid.csproj", "{07C7D13D-58A3-452A-B4D6-C0D21CD5F18D}"
EndProject
Project("{FAE04EC0-301F-11D3-BF4B-00C04F79EFBC}") = "ESFA.DC.ILR1819.DataStore.EF.Valid", "ESFA.DC.ILR1819.DataStore.EF.Valid\ESFA.DC.ILR1819.DataStore.EF.Valid.csproj", "{2CB01C46-F71B-4E35-A12B-E97D7529665C}"
EndProject
Project("{FAE04EC0-301F-11D3-BF4B-00C04F79EFBC}") = "ESFA.DC.ILR1819.DataStore.Database.Test", "ESFA.DC.ILR1819.DataStore.Database.Test\ESFA.DC.ILR1819.DataStore.Database.Test.csproj", "{46FEB72C-E525-4BF0-ACEA-F18FEEAD49FE}"
EndProject
Project("{00D1A9C2-B5F0-4AF3-8072-F6C62B433612}") = "ESFA.DC.ILR1819.DataStore.Database", "ESFA.DC.ILR1819.DataStore.Database\ESFA.DC.ILR1819.DataStore.Database.sqlproj", "{5E3748FB-22A4-4EC1-A5E3-22FEEAAA6D7E}"
EndProject
Project("{9A19103F-16F7-4668-BE54-9A1E7A4F7556}") = "ESFA.DC.ILR1819.Database.EF", "ESFA.DC.ILR1819.Database.EF\ESFA.DC.ILR1819.Database.EF.csproj", "{4D0BCF37-BA15-41A8-BE54-96C032ECF919}"
EndProject
Project("{2150E333-8FDC-42A3-9474-1A3956D46DE8}") = "Solution Items", "Solution Items", "{FA439751-C7A2-47A5-986F-1E383ED087CB}"
	ProjectSection(SolutionItems) = preProject
		..\README.md = ..\README.md
	EndProjectSection
EndProject
Global
	GlobalSection(SolutionConfigurationPlatforms) = preSolution
		Debug|Any CPU = Debug|Any CPU
		Debug|x64 = Debug|x64
		Release|Any CPU = Release|Any CPU
		Release|x64 = Release|x64
	EndGlobalSection
	GlobalSection(ProjectConfigurationPlatforms) = postSolution
		{8191AB50-78E3-4326-ACC6-5A00F2E1DB20}.Debug|Any CPU.ActiveCfg = Debug|Any CPU
		{8191AB50-78E3-4326-ACC6-5A00F2E1DB20}.Debug|Any CPU.Build.0 = Debug|Any CPU
		{8191AB50-78E3-4326-ACC6-5A00F2E1DB20}.Debug|x64.ActiveCfg = Debug|x64
		{8191AB50-78E3-4326-ACC6-5A00F2E1DB20}.Debug|x64.Build.0 = Debug|x64
		{8191AB50-78E3-4326-ACC6-5A00F2E1DB20}.Release|Any CPU.ActiveCfg = Release|Any CPU
		{8191AB50-78E3-4326-ACC6-5A00F2E1DB20}.Release|Any CPU.Build.0 = Release|Any CPU
		{8191AB50-78E3-4326-ACC6-5A00F2E1DB20}.Release|x64.ActiveCfg = Release|x64
		{8191AB50-78E3-4326-ACC6-5A00F2E1DB20}.Release|x64.Build.0 = Release|x64
		{07C7D13D-58A3-452A-B4D6-C0D21CD5F18D}.Debug|Any CPU.ActiveCfg = Debug|Any CPU
		{07C7D13D-58A3-452A-B4D6-C0D21CD5F18D}.Debug|Any CPU.Build.0 = Debug|Any CPU
		{07C7D13D-58A3-452A-B4D6-C0D21CD5F18D}.Debug|x64.ActiveCfg = Debug|x64
		{07C7D13D-58A3-452A-B4D6-C0D21CD5F18D}.Debug|x64.Build.0 = Debug|x64
		{07C7D13D-58A3-452A-B4D6-C0D21CD5F18D}.Release|Any CPU.ActiveCfg = Release|Any CPU
		{07C7D13D-58A3-452A-B4D6-C0D21CD5F18D}.Release|Any CPU.Build.0 = Release|Any CPU
		{07C7D13D-58A3-452A-B4D6-C0D21CD5F18D}.Release|x64.ActiveCfg = Release|x64
		{07C7D13D-58A3-452A-B4D6-C0D21CD5F18D}.Release|x64.Build.0 = Release|x64
		{2CB01C46-F71B-4E35-A12B-E97D7529665C}.Debug|Any CPU.ActiveCfg = Debug|Any CPU
		{2CB01C46-F71B-4E35-A12B-E97D7529665C}.Debug|Any CPU.Build.0 = Debug|Any CPU
		{2CB01C46-F71B-4E35-A12B-E97D7529665C}.Debug|x64.ActiveCfg = Debug|x64
		{2CB01C46-F71B-4E35-A12B-E97D7529665C}.Debug|x64.Build.0 = Debug|x64
		{2CB01C46-F71B-4E35-A12B-E97D7529665C}.Release|Any CPU.ActiveCfg = Release|Any CPU
		{2CB01C46-F71B-4E35-A12B-E97D7529665C}.Release|Any CPU.Build.0 = Release|Any CPU
		{2CB01C46-F71B-4E35-A12B-E97D7529665C}.Release|x64.ActiveCfg = Release|x64
		{2CB01C46-F71B-4E35-A12B-E97D7529665C}.Release|x64.Build.0 = Release|x64
		{46FEB72C-E525-4BF0-ACEA-F18FEEAD49FE}.Debug|Any CPU.ActiveCfg = Debug|Any CPU
		{46FEB72C-E525-4BF0-ACEA-F18FEEAD49FE}.Debug|Any CPU.Build.0 = Debug|Any CPU
		{46FEB72C-E525-4BF0-ACEA-F18FEEAD49FE}.Debug|x64.ActiveCfg = Debug|x64
		{46FEB72C-E525-4BF0-ACEA-F18FEEAD49FE}.Debug|x64.Build.0 = Debug|x64
		{46FEB72C-E525-4BF0-ACEA-F18FEEAD49FE}.Release|Any CPU.ActiveCfg = Release|Any CPU
		{46FEB72C-E525-4BF0-ACEA-F18FEEAD49FE}.Release|Any CPU.Build.0 = Release|Any CPU
		{46FEB72C-E525-4BF0-ACEA-F18FEEAD49FE}.Release|x64.ActiveCfg = Release|x64
		{46FEB72C-E525-4BF0-ACEA-F18FEEAD49FE}.Release|x64.Build.0 = Release|x64
		{5E3748FB-22A4-4EC1-A5E3-22FEEAAA6D7E}.Debug|Any CPU.ActiveCfg = Debug|Any CPU
		{5E3748FB-22A4-4EC1-A5E3-22FEEAAA6D7E}.Debug|Any CPU.Build.0 = Debug|Any CPU
		{5E3748FB-22A4-4EC1-A5E3-22FEEAAA6D7E}.Debug|x64.ActiveCfg = Debug|x64
		{5E3748FB-22A4-4EC1-A5E3-22FEEAAA6D7E}.Debug|x64.Build.0 = Debug|x64
		{5E3748FB-22A4-4EC1-A5E3-22FEEAAA6D7E}.Debug|x64.Deploy.0 = Debug|x64
		{5E3748FB-22A4-4EC1-A5E3-22FEEAAA6D7E}.Release|Any CPU.ActiveCfg = Release|Any CPU
		{5E3748FB-22A4-4EC1-A5E3-22FEEAAA6D7E}.Release|Any CPU.Build.0 = Release|Any CPU
		{5E3748FB-22A4-4EC1-A5E3-22FEEAAA6D7E}.Release|x64.ActiveCfg = Release|x64
		{5E3748FB-22A4-4EC1-A5E3-22FEEAAA6D7E}.Release|x64.Build.0 = Release|x64
		{5E3748FB-22A4-4EC1-A5E3-22FEEAAA6D7E}.Release|x64.Deploy.0 = Release|x64
		{4D0BCF37-BA15-41A8-BE54-96C032ECF919}.Debug|Any CPU.ActiveCfg = Debug|Any CPU
		{4D0BCF37-BA15-41A8-BE54-96C032ECF919}.Debug|Any CPU.Build.0 = Debug|Any CPU
		{4D0BCF37-BA15-41A8-BE54-96C032ECF919}.Debug|x64.ActiveCfg = Debug|x64
		{4D0BCF37-BA15-41A8-BE54-96C032ECF919}.Debug|x64.Build.0 = Debug|x64
		{4D0BCF37-BA15-41A8-BE54-96C032ECF919}.Release|Any CPU.ActiveCfg = Release|Any CPU
		{4D0BCF37-BA15-41A8-BE54-96C032ECF919}.Release|Any CPU.Build.0 = Release|Any CPU
		{4D0BCF37-BA15-41A8-BE54-96C032ECF919}.Release|x64.ActiveCfg = Release|x64
		{4D0BCF37-BA15-41A8-BE54-96C032ECF919}.Release|x64.Build.0 = Release|x64
	EndGlobalSection
	GlobalSection(SolutionProperties) = preSolution
		HideSolutionNode = FALSE
	EndGlobalSection
	GlobalSection(ExtensibilityGlobals) = postSolution
		SolutionGuid = {78F783F0-D605-4D42-8863-F61A260B9EDD}
	EndGlobalSection
EndGlobal
